hash: 9be382e6455e23cf8bbea0cb809a9c898c20b9b3aefea6aa7ed4ff11cc7152d2
updated: 2016-10-13T16:55:20.296828095+02:00
imports:
- name: github.com/anexia-it/go-structmapper
  version: 1796ac2a2af9d6b7ee3334f1ee07f214e37951a2
- name: github.com/golang/mock
  version: bd3c8e81be01eef76d4b503f5e687d2d1354d2d9
  subpackages:
  - gomock
- name: github.com/hashicorp/go-multierror
  version: 8c5f0ad9360406a3807ce7de6bc73269a91a6e51
testImports:
- name: github.com/hashicorp/errwrap
  version: ""
- name: github.com/stretchr/testify
  version: ""
  subpackages:
  - require
